
Microsoft Visual Studio Solution File, Format Version 12.00
Project("{FAE04EC0-301F-11D3-BF4B-00C04F79EFBC}") = "VillaBooking.Web", "VillaBooking.Web\VillaBooking.Web.csproj", "{02708EE8-BE49-42C3-AD5E-68E326276272}"
EndProject
Global
	GlobalSection(SolutionConfigurationPlatforms) = preSolution
		Debug|Any CPU = Debug|Any CPU
		Release|Any CPU = Release|Any CPU
	EndGlobalSection
	GlobalSection(ProjectConfigurationPlatforms) = postSolution
		{02708EE8-BE49-42C3-AD5E-68E326276272}.Debug|Any CPU.ActiveCfg = Debug|Any CPU
		{02708EE8-BE49-42C3-AD5E-68E326276272}.Debug|Any CPU.Build.0 = Debug|Any CPU
		{02708EE8-BE49-42C3-AD5E-68E326276272}.Release|Any CPU.ActiveCfg = Release|Any CPU
		{02708EE8-BE49-42C3-AD5E-68E326276272}.Release|Any CPU.Build.0 = Release|Any CPU
	EndGlobalSection
EndGlobal
